# This file is automatically @generated by Cargo.
# It is not intended for manual editing.
version = 3

[[package]]
name = "arrays"
version = "0.1.0"
source = "registry+https://github.com/rust-lang/crates.io-index"
checksum = "d5e905f66e9c54490e46ba7d948909926acd98c77baf457ea2393cde62576697"

[[package]]
name = "day3"
version = "0.1.0"
dependencies = [
 "iterchunks",
]

[[package]]
name = "iterchunks"
version = "0.2.0"
source = "registry+https://github.com/rust-lang/crates.io-index"
checksum = "0f270b1d279ac88c2a779c6241850efbcdacca136d1745b2305028a5d69b5175"
dependencies = [
 "arrays",
]
